// !$*UTF8*$!
{
	archiveVersion = 1;
	classes = {
	};
	objectVersion = 51;
	objects = {

/* Begin PBXBuildFile section */
		2F80EC2926A7FCEF000DCF79 /* AppDelegate.swift in Sources */ = {isa = PBXBuildFile; fileRef = 2F80EC2826A7FCEF000DCF79 /* AppDelegate.swift */; };
		2F80EC2D26A7FCEF000DCF79 /* MeteoritesListViewController.swift in Sources */ = {isa = PBXBuildFile; fileRef = 2F80EC2C26A7FCEF000DCF79 /* MeteoritesListViewController.swift */; };
		2F80EC3326A7FCEF000DCF79 /* Fallen_Meteorites.xcdatamodeld in Sources */ = {isa = PBXBuildFile; fileRef = 2F80EC3126A7FCEF000DCF79 /* Fallen_Meteorites.xcdatamodeld */; };
		2F80EC3526A7FCF2000DCF79 /* Assets.xcassets in Resources */ = {isa = PBXBuildFile; fileRef = 2F80EC3426A7FCF2000DCF79 /* Assets.xcassets */; };
		2F80EC3826A7FCF2000DCF79 /* LaunchScreen.storyboard in Resources */ = {isa = PBXBuildFile; fileRef = 2F80EC3626A7FCF2000DCF79 /* LaunchScreen.storyboard */; };
		2F80EC4426A972F5000DCF79 /* MeteoritesListViewModel.swift in Sources */ = {isa = PBXBuildFile; fileRef = 2F80EC4326A972F5000DCF79 /* MeteoritesListViewModel.swift */; };
		2F80EC4626A974AC000DCF79 /* Meteorite.swift in Sources */ = {isa = PBXBuildFile; fileRef = 2F80EC4526A974AC000DCF79 /* Meteorite.swift */; };
		2F80EC4A26A99422000DCF79 /* Collection+Extension.swift in Sources */ = {isa = PBXBuildFile; fileRef = 2F80EC4926A99422000DCF79 /* Collection+Extension.swift */; };
		2F80EC4C26AA9620000DCF79 /* MapViewController.swift in Sources */ = {isa = PBXBuildFile; fileRef = 2F80EC4B26AA9620000DCF79 /* MapViewController.swift */; };
		2F80EC5126AA9C3B000DCF79 /* Main.storyboard in Resources */ = {isa = PBXBuildFile; fileRef = 2F80EC5026AA9C3B000DCF79 /* Main.storyboard */; };
		2F80EC5326AA9D29000DCF79 /* MapViewModel.swift in Sources */ = {isa = PBXBuildFile; fileRef = 2F80EC5226AA9D29000DCF79 /* MapViewModel.swift */; };
		2F80EC5626AAA6AB000DCF79 /* Place.swift in Sources */ = {isa = PBXBuildFile; fileRef = 2F80EC5526AAA6AB000DCF79 /* Place.swift */; };
		2F80EC5926AAAA1E000DCF79 /* MKMapView+Extension.swift in Sources */ = {isa = PBXBuildFile; fileRef = 2F80EC5826AAAA1E000DCF79 /* MKMapView+Extension.swift */; };
		2F80EC5C26AAAF2D000DCF79 /* MeteoriteRequester.swift in Sources */ = {isa = PBXBuildFile; fileRef = 2F80EC5B26AAAF2D000DCF79 /* MeteoriteRequester.swift */; };
		2F80EC5E26AB0334000DCF79 /* Constants.swift in Sources */ = {isa = PBXBuildFile; fileRef = 2F80EC5D26AB0334000DCF79 /* Constants.swift */; };
		2F80EC6026AB0407000DCF79 /* Size.swift in Sources */ = {isa = PBXBuildFile; fileRef = 2F80EC5F26AB0407000DCF79 /* Size.swift */; };
		2FD64E6F26AFFA6C00F95B91 /* MeteoriteDbKeys.swift in Sources */ = {isa = PBXBuildFile; fileRef = 2FD64E6E26AFFA6C00F95B91 /* MeteoriteDbKeys.swift */; };
		2FD64E7126B026D500F95B91 /* UserSettingsService.swift in Sources */ = {isa = PBXBuildFile; fileRef = 2FD64E7026B026D500F95B91 /* UserSettingsService.swift */; };
		2FD64E7426B0290200F95B91 /* UserSettingsProvider.swift in Sources */ = {isa = PBXBuildFile; fileRef = 2FD64E7326B0290200F95B91 /* UserSettingsProvider.swift */; };
		F0933525F23CAA979FFE447D /* Pods_Fallen_Meteorites.framework in Frameworks */ = {isa = PBXBuildFile; fileRef = E841415454AA586D496734AC /* Pods_Fallen_Meteorites.framework */; };
/* End PBXBuildFile section */

/* Begin PBXFileReference section */
		2F80EC2526A7FCEF000DCF79 /* Fallen Meteorites.app */ = {isa = PBXFileReference; explicitFileType = wrapper.application; includeInIndex = 0; path = "Fallen Meteorites.app"; sourceTree = BUILT_PRODUCTS_DIR; };
		2F80EC2826A7FCEF000DCF79 /* AppDelegate.swift */ = {isa = PBXFileReference; lastKnownFileType = sourcecode.swift; path = AppDelegate.swift; sourceTree = "<group>"; };
		2F80EC2C26A7FCEF000DCF79 /* MeteoritesListViewController.swift */ = {isa = PBXFileReference; lastKnownFileType = sourcecode.swift; path = MeteoritesListViewController.swift; sourceTree = "<group>"; };
		2F80EC3226A7FCEF000DCF79 /* Fallen_Meteorites.xcdatamodel */ = {isa = PBXFileReference; lastKnownFileType = wrapper.xcdatamodel; path = Fallen_Meteorites.xcdatamodel; sourceTree = "<group>"; };
		2F80EC3426A7FCF2000DCF79 /* Assets.xcassets */ = {isa = PBXFileReference; lastKnownFileType = folder.assetcatalog; path = Assets.xcassets; sourceTree = "<group>"; };
		2F80EC3726A7FCF2000DCF79 /* Base */ = {isa = PBXFileReference; lastKnownFileType = file.storyboard; name = Base; path = Base.lproj/LaunchScreen.storyboard; sourceTree = "<group>"; };
		2F80EC3926A7FCF2000DCF79 /* Info.plist */ = {isa = PBXFileReference; lastKnownFileType = text.plist.xml; path = Info.plist; sourceTree = "<group>"; };
		2F80EC4326A972F5000DCF79 /* MeteoritesListViewModel.swift */ = {isa = PBXFileReference; lastKnownFileType = sourcecode.swift; path = MeteoritesListViewModel.swift; sourceTree = "<group>"; };
		2F80EC4526A974AC000DCF79 /* Meteorite.swift */ = {isa = PBXFileReference; lastKnownFileType = sourcecode.swift; path = Meteorite.swift; sourceTree = "<group>"; };
		2F80EC4926A99422000DCF79 /* Collection+Extension.swift */ = {isa = PBXFileReference; lastKnownFileType = sourcecode.swift; path = "Collection+Extension.swift"; sourceTree = "<group>"; };
		2F80EC4B26AA9620000DCF79 /* MapViewController.swift */ = {isa = PBXFileReference; lastKnownFileType = sourcecode.swift; path = MapViewController.swift; sourceTree = "<group>"; };
		2F80EC5026AA9C3B000DCF79 /* Main.storyboard */ = {isa = PBXFileReference; fileEncoding = 4; lastKnownFileType = file.storyboard; path = Main.storyboard; sourceTree = "<group>"; };
		2F80EC5226AA9D29000DCF79 /* MapViewModel.swift */ = {isa = PBXFileReference; lastKnownFileType = sourcecode.swift; path = MapViewModel.swift; sourceTree = "<group>"; };
		2F80EC5526AAA6AB000DCF79 /* Place.swift */ = {isa = PBXFileReference; lastKnownFileType = sourcecode.swift; path = Place.swift; sourceTree = "<group>"; };
		2F80EC5826AAAA1E000DCF79 /* MKMapView+Extension.swift */ = {isa = PBXFileReference; lastKnownFileType = sourcecode.swift; path = "MKMapView+Extension.swift"; sourceTree = "<group>"; };
		2F80EC5B26AAAF2D000DCF79 /* MeteoriteRequester.swift */ = {isa = PBXFileReference; lastKnownFileType = sourcecode.swift; path = MeteoriteRequester.swift; sourceTree = "<group>"; };
		2F80EC5D26AB0334000DCF79 /* Constants.swift */ = {isa = PBXFileReference; lastKnownFileType = sourcecode.swift; path = Constants.swift; sourceTree = "<group>"; };
		2F80EC5F26AB0407000DCF79 /* Size.swift */ = {isa = PBXFileReference; lastKnownFileType = sourcecode.swift; path = Size.swift; sourceTree = "<group>"; };
		2FD64E6E26AFFA6C00F95B91 /* MeteoriteDbKeys.swift */ = {isa = PBXFileReference; lastKnownFileType = sourcecode.swift; path = MeteoriteDbKeys.swift; sourceTree = "<group>"; };
		2FD64E7026B026D500F95B91 /* UserSettingsService.swift */ = {isa = PBXFileReference; lastKnownFileType = sourcecode.swift; path = UserSettingsService.swift; sourceTree = "<group>"; };
		2FD64E7326B0290200F95B91 /* UserSettingsProvider.swift */ = {isa = PBXFileReference; lastKnownFileType = sourcecode.swift; path = UserSettingsProvider.swift; sourceTree = "<group>"; };
		4920C913B07C35BEBF30D451 /* Pods-Fallen Meteorites.debug.xcconfig */ = {isa = PBXFileReference; includeInIndex = 1; lastKnownFileType = text.xcconfig; name = "Pods-Fallen Meteorites.debug.xcconfig"; path = "Target Support Files/Pods-Fallen Meteorites/Pods-Fallen Meteorites.debug.xcconfig"; sourceTree = "<group>"; };
		B0F1B9EB3B8E5DFFAB118F65 /* Pods-Fallen Meteorites.release.xcconfig */ = {isa = PBXFileReference; includeInIndex = 1; lastKnownFileType = text.xcconfig; name = "Pods-Fallen Meteorites.release.xcconfig"; path = "Target Support Files/Pods-Fallen Meteorites/Pods-Fallen Meteorites.release.xcconfig"; sourceTree = "<group>"; };
		E841415454AA586D496734AC /* Pods_Fallen_Meteorites.framework */ = {isa = PBXFileReference; explicitFileType = wrapper.framework; includeInIndex = 0; path = Pods_Fallen_Meteorites.framework; sourceTree = BUILT_PRODUCTS_DIR; };
/* End PBXFileReference section */

/* Begin PBXFrameworksBuildPhase section */
		2F80EC2226A7FCEF000DCF79 /* Frameworks */ = {
			isa = PBXFrameworksBuildPhase;
			buildActionMask = 2147483647;
			files = (
				F0933525F23CAA979FFE447D /* Pods_Fallen_Meteorites.framework in Frameworks */,
			);
			runOnlyForDeploymentPostprocessing = 0;
		};
/* End PBXFrameworksBuildPhase section */

/* Begin PBXGroup section */
		06DCBD7EE2F1B147C8379A1A /* Pods */ = {
			isa = PBXGroup;
			children = (
				4920C913B07C35BEBF30D451 /* Pods-Fallen Meteorites.debug.xcconfig */,
				B0F1B9EB3B8E5DFFAB118F65 /* Pods-Fallen Meteorites.release.xcconfig */,
			);
			path = Pods;
			sourceTree = "<group>";
		};
		2F80EC1C26A7FCEF000DCF79 = {
			isa = PBXGroup;
			children = (
				2F80EC2726A7FCEF000DCF79 /* Fallen Meteorites */,
				2F80EC2626A7FCEF000DCF79 /* Products */,
				06DCBD7EE2F1B147C8379A1A /* Pods */,
				3AE46486C328CB8EB36B9A23 /* Frameworks */,
			);
			sourceTree = "<group>";
		};
		2F80EC2626A7FCEF000DCF79 /* Products */ = {
			isa = PBXGroup;
			children = (
				2F80EC2526A7FCEF000DCF79 /* Fallen Meteorites.app */,
			);
			name = Products;
			sourceTree = "<group>";
		};
		2F80EC2726A7FCEF000DCF79 /* Fallen Meteorites */ = {
			isa = PBXGroup;
			children = (
				2F80EC2826A7FCEF000DCF79 /* AppDelegate.swift */,
				2F80EC5D26AB0334000DCF79 /* Constants.swift */,
				2F80EC4226A972B9000DCF79 /* List */,
				2F80EC4F26AA963E000DCF79 /* Map */,
				2F80EC6126AB0858000DCF79 /* Network */,
				2FD64E7226B026D900F95B91 /* Services */,
				2F80EC5A26AAAA25000DCF79 /* Extensions */,
				2F80EC3426A7FCF2000DCF79 /* Assets.xcassets */,
				2F80EC5026AA9C3B000DCF79 /* Main.storyboard */,
				2F80EC3626A7FCF2000DCF79 /* LaunchScreen.storyboard */,
				2F80EC3926A7FCF2000DCF79 /* Info.plist */,
				2F80EC3126A7FCEF000DCF79 /* Fallen_Meteorites.xcdatamodeld */,
			);
			path = "Fallen Meteorites";
			sourceTree = "<group>";
		};
		2F80EC4126A972AC000DCF79 /* ViewController */ = {
			isa = PBXGroup;
			children = (
				2F80EC2C26A7FCEF000DCF79 /* MeteoritesListViewController.swift */,
			);
			path = ViewController;
			sourceTree = "<group>";
		};
		2F80EC4226A972B9000DCF79 /* List */ = {
			isa = PBXGroup;
			children = (
				2F80EC4126A972AC000DCF79 /* ViewController */,
				2F80EC4826A990E7000DCF79 /* ViewModel */,
				2F80EC4726A974B2000DCF79 /* Model */,
			);
			path = List;
			sourceTree = "<group>";
		};
		2F80EC4726A974B2000DCF79 /* Model */ = {
			isa = PBXGroup;
			children = (
				2F80EC4526A974AC000DCF79 /* Meteorite.swift */,
				2F80EC5F26AB0407000DCF79 /* Size.swift */,
				2FD64E6E26AFFA6C00F95B91 /* MeteoriteDbKeys.swift */,
			);
			path = Model;
			sourceTree = "<group>";
		};
		2F80EC4826A990E7000DCF79 /* ViewModel */ = {
			isa = PBXGroup;
			children = (
				2F80EC4326A972F5000DCF79 /* MeteoritesListViewModel.swift */,
			);
			path = ViewModel;
			sourceTree = "<group>";
		};
		2F80EC4D26AA9625000DCF79 /* ViewController */ = {
			isa = PBXGroup;
			children = (
				2F80EC4B26AA9620000DCF79 /* MapViewController.swift */,
			);
			path = ViewController;
			sourceTree = "<group>";
		};
		2F80EC4F26AA963E000DCF79 /* Map */ = {
			isa = PBXGroup;
			children = (
				2F80EC4D26AA9625000DCF79 /* ViewController */,
				2F80EC5426AA9D46000DCF79 /* ViewModel */,
				2F80EC5726AAA6AF000DCF79 /* Model */,
			);
			path = Map;
			sourceTree = "<group>";
		};
		2F80EC5426AA9D46000DCF79 /* ViewModel */ = {
			isa = PBXGroup;
			children = (
				2F80EC5226AA9D29000DCF79 /* MapViewModel.swift */,
			);
			path = ViewModel;
			sourceTree = "<group>";
		};
		2F80EC5726AAA6AF000DCF79 /* Model */ = {
			isa = PBXGroup;
			children = (
				2F80EC5526AAA6AB000DCF79 /* Place.swift */,
			);
			path = Model;
			sourceTree = "<group>";
		};
		2F80EC5A26AAAA25000DCF79 /* Extensions */ = {
			isa = PBXGroup;
			children = (
				2F80EC4926A99422000DCF79 /* Collection+Extension.swift */,
				2F80EC5826AAAA1E000DCF79 /* MKMapView+Extension.swift */,
			);
			path = Extensions;
			sourceTree = "<group>";
		};
		2F80EC6126AB0858000DCF79 /* Network */ = {
			isa = PBXGroup;
			children = (
				2F80EC5B26AAAF2D000DCF79 /* MeteoriteRequester.swift */,
			);
			path = Network;
			sourceTree = "<group>";
		};
		2FD64E7226B026D900F95B91 /* Services */ = {
			isa = PBXGroup;
			children = (
				2FD64E7026B026D500F95B91 /* UserSettingsService.swift */,
				2FD64E7326B0290200F95B91 /* UserSettingsProvider.swift */,
			);
			path = Services;
			sourceTree = "<group>";
		};
		3AE46486C328CB8EB36B9A23 /* Frameworks */ = {
			isa = PBXGroup;
			children = (
				E841415454AA586D496734AC /* Pods_Fallen_Meteorites.framework */,
			);
			name = Frameworks;
			sourceTree = "<group>";
		};
/* End PBXGroup section */

/* Begin PBXNativeTarget section */
		2F80EC2426A7FCEF000DCF79 /* Fallen Meteorites */ = {
			isa = PBXNativeTarget;
			buildConfigurationList = 2F80EC3C26A7FCF2000DCF79 /* Build configuration list for PBXNativeTarget "Fallen Meteorites" */;
			buildPhases = (
				58905A5BA768B4EB2D28361A /* [CP] Check Pods Manifest.lock */,
				2F80EC2126A7FCEF000DCF79 /* Sources */,
				2F80EC2226A7FCEF000DCF79 /* Frameworks */,
				2F80EC2326A7FCEF000DCF79 /* Resources */,
				D6B81633FFAB01C7337C542C /* [CP] Embed Pods Frameworks */,
			);
			buildRules = (
			);
			dependencies = (
			);
			name = "Fallen Meteorites";
			productName = "Fallen Meteorites";
			productReference = 2F80EC2526A7FCEF000DCF79 /* Fallen Meteorites.app */;
			productType = "com.apple.product-type.application";
		};
/* End PBXNativeTarget section */

/* Begin PBXProject section */
		2F80EC1D26A7FCEF000DCF79 /* Project object */ = {
			isa = PBXProject;
			attributes = {
				LastSwiftUpdateCheck = 1250;
				LastUpgradeCheck = 1250;
				TargetAttributes = {
					2F80EC2426A7FCEF000DCF79 = {
						CreatedOnToolsVersion = 12.5;
					};
				};
			};
			buildConfigurationList = 2F80EC2026A7FCEF000DCF79 /* Build configuration list for PBXProject "Fallen Meteorites" */;
			compatibilityVersion = "Xcode 9.3";
			developmentRegion = en;
			hasScannedForEncodings = 0;
			knownRegions = (
				en,
				Base,
			);
			mainGroup = 2F80EC1C26A7FCEF000DCF79;
			productRefGroup = 2F80EC2626A7FCEF000DCF79 /* Products */;
			projectDirPath = "";
			projectRoot = "";
			targets = (
				2F80EC2426A7FCEF000DCF79 /* Fallen Meteorites */,
			);
		};
/* End PBXProject section */

/* Begin PBXResourcesBuildPhase section */
		2F80EC2326A7FCEF000DCF79 /* Resources */ = {
			isa = PBXResourcesBuildPhase;
			buildActionMask = 2147483647;
			files = (
				2F80EC5126AA9C3B000DCF79 /* Main.storyboard in Resources */,
				2F80EC3826A7FCF2000DCF79 /* LaunchScreen.storyboard in Resources */,
				2F80EC3526A7FCF2000DCF79 /* Assets.xcassets in Resources */,
			);
			runOnlyForDeploymentPostprocessing = 0;
		};
/* End PBXResourcesBuildPhase section */

/* Begin PBXShellScriptBuildPhase section */
		58905A5BA768B4EB2D28361A /* [CP] Check Pods Manifest.lock */ = {
			isa = PBXShellScriptBuildPhase;
			buildActionMask = 2147483647;
			files = (
			);
			inputFileListPaths = (
			);
			inputPaths = (
				"${PODS_PODFILE_DIR_PATH}/Podfile.lock",
				"${PODS_ROOT}/Manifest.lock",
			);
			name = "[CP] Check Pods Manifest.lock";
			outputFileListPaths = (
			);
			outputPaths = (
				"$(DERIVED_FILE_DIR)/Pods-Fallen Meteorites-checkManifestLockResult.txt",
			);
			runOnlyForDeploymentPostprocessing = 0;
			shellPath = /bin/sh;
			shellScript = "diff \"${PODS_PODFILE_DIR_PATH}/Podfile.lock\" \"${PODS_ROOT}/Manifest.lock\" > /dev/null\nif [ $? != 0 ] ; then\n    # print error to STDERR\n    echo \"error: The sandbox is not in sync with the Podfile.lock. Run 'pod install' or update your CocoaPods installation.\" >&2\n    exit 1\nfi\n# This output is used by Xcode 'outputs' to avoid re-running this script phase.\necho \"SUCCESS\" > \"${SCRIPT_OUTPUT_FILE_0}\"\n";
			showEnvVarsInLog = 0;
		};
		D6B81633FFAB01C7337C542C /* [CP] Embed Pods Frameworks */ = {
			isa = PBXShellScriptBuildPhase;
			buildActionMask = 2147483647;
			files = (
			);
			inputFileListPaths = (
				"${PODS_ROOT}/Target Support Files/Pods-Fallen Meteorites/Pods-Fallen Meteorites-frameworks-${CONFIGURATION}-input-files.xcfilelist",
			);
			name = "[CP] Embed Pods Frameworks";
			outputFileListPaths = (
				"${PODS_ROOT}/Target Support Files/Pods-Fallen Meteorites/Pods-Fallen Meteorites-frameworks-${CONFIGURATION}-output-files.xcfilelist",
			);
			runOnlyForDeploymentPostprocessing = 0;
			shellPath = /bin/sh;
			shellScript = "\"${PODS_ROOT}/Target Support Files/Pods-Fallen Meteorites/Pods-Fallen Meteorites-frameworks.sh\"\n";
			showEnvVarsInLog = 0;
		};
/* End PBXShellScriptBuildPhase section */

/* Begin PBXSourcesBuildPhase section */
		2F80EC2126A7FCEF000DCF79 /* Sources */ = {
			isa = PBXSourcesBuildPhase;
			buildActionMask = 2147483647;
			files = (
				2FD64E7426B0290200F95B91 /* UserSettingsProvider.swift in Sources */,
				2FD64E6F26AFFA6C00F95B91 /* MeteoriteDbKeys.swift in Sources */,
				2F80EC3326A7FCEF000DCF79 /* Fallen_Meteorites.xcdatamodeld in Sources */,
				2F80EC4A26A99422000DCF79 /* Collection+Extension.swift in Sources */,
				2F80EC4626A974AC000DCF79 /* Meteorite.swift in Sources */,
				2F80EC5926AAAA1E000DCF79 /* MKMapView+Extension.swift in Sources */,
				2F80EC4426A972F5000DCF79 /* MeteoritesListViewModel.swift in Sources */,
				2FD64E7126B026D500F95B91 /* UserSettingsService.swift in Sources */,
				2F80EC2D26A7FCEF000DCF79 /* MeteoritesListViewController.swift in Sources */,
				2F80EC2926A7FCEF000DCF79 /* AppDelegate.swift in Sources */,
				2F80EC5626AAA6AB000DCF79 /* Place.swift in Sources */,
				2F80EC4C26AA9620000DCF79 /* MapViewController.swift in Sources */,
				2F80EC5C26AAAF2D000DCF79 /* MeteoriteRequester.swift in Sources */,
				2F80EC5326AA9D29000DCF79 /* MapViewModel.swift in Sources */,
				2F80EC5E26AB0334000DCF79 /* Constants.swift in Sources */,
				2F80EC6026AB0407000DCF79 /* Size.swift in Sources */,
			);
			runOnlyForDeploymentPostprocessing = 0;
		};
/* End PBXSourcesBuildPhase section */

/* Begin PBXVariantGroup section */
		2F80EC3626A7FCF2000DCF79 /* LaunchScreen.storyboard */ = {
			isa = PBXVariantGroup;
			children = (
				2F80EC3726A7FCF2000DCF79 /* Base */,
			);
			name = LaunchScreen.storyboard;
			sourceTree = "<group>";
		};
/* End PBXVariantGroup section */

/* Begin XCBuildConfiguration section */
		2F80EC3A26A7FCF2000DCF79 /* Debug */ = {
			isa = XCBuildConfiguration;
			buildSettings = {
				ALWAYS_SEARCH_USER_PATHS = NO;
				CLANG_ANALYZER_NONNULL = YES;
				CLANG_ANALYZER_NUMBER_OBJECT_CONVERSION = YES_AGGRESSIVE;
				CLANG_CXX_LANGUAGE_STANDARD = "gnu++14";
				CLANG_CXX_LIBRARY = "libc++";
				CLANG_ENABLE_MODULES = YES;
				CLANG_ENABLE_OBJC_ARC = YES;
				CLANG_ENABLE_OBJC_WEAK = YES;
				CLANG_WARN_BLOCK_CAPTURE_AUTORELEASING = YES;
				CLANG_WARN_BOOL_CONVERSION = YES;
				CLANG_WARN_COMMA = YES;
				CLANG_WARN_CONSTANT_CONVERSION = YES;
				CLANG_WARN_DEPRECATED_OBJC_IMPLEMENTATIONS = YES;
				CLANG_WARN_DIRECT_OBJC_ISA_USAGE = YES_ERROR;
				CLANG_WARN_DOCUMENTATION_COMMENTS = YES;
				CLANG_WARN_EMPTY_BODY = YES;
				CLANG_WARN_ENUM_CONVERSION = YES;
				CLANG_WARN_INFINITE_RECURSION = YES;
				CLANG_WARN_INT_CONVERSION = YES;
				CLANG_WARN_NON_LITERAL_NULL_CONVERSION = YES;
				CLANG_WARN_OBJC_IMPLICIT_RETAIN_SELF = YES;
				CLANG_WARN_OBJC_LITERAL_CONVERSION = YES;
				CLANG_WARN_OBJC_ROOT_CLASS = YES_ERROR;
				CLANG_WARN_QUOTED_INCLUDE_IN_FRAMEWORK_HEADER = YES;
				CLANG_WARN_RANGE_LOOP_ANALYSIS = YES;
				CLANG_WARN_STRICT_PROTOTYPES = YES;
				CLANG_WARN_SUSPICIOUS_MOVE = YES;
				CLANG_WARN_UNGUARDED_AVAILABILITY = YES_AGGRESSIVE;
				CLANG_WARN_UNREACHABLE_CODE = YES;
				CLANG_WARN__DUPLICATE_METHOD_MATCH = YES;
				COPY_PHASE_STRIP = NO;
				DEBUG_INFORMATION_FORMAT = dwarf;
				ENABLE_STRICT_OBJC_MSGSEND = YES;
				ENABLE_TESTABILITY = YES;
				GCC_C_LANGUAGE_STANDARD = gnu11;
				GCC_DYNAMIC_NO_PIC = NO;
				GCC_NO_COMMON_BLOCKS = YES;
				GCC_OPTIMIZATION_LEVEL = 0;
				GCC_PREPROCESSOR_DEFINITIONS = (
					"DEBUG=1",
					"$(inherited)",
				);
				GCC_WARN_64_TO_32_BIT_CONVERSION = YES;
				GCC_WARN_ABOUT_RETURN_TYPE = YES_ERROR;
				GCC_WARN_UNDECLARED_SELECTOR = YES;
				GCC_WARN_UNINITIALIZED_AUTOS = YES_AGGRESSIVE;
				GCC_WARN_UNUSED_FUNCTION = YES;
				GCC_WARN_UNUSED_VARIABLE = YES;
				IPHONEOS_DEPLOYMENT_TARGET = 14.5;
				MTL_ENABLE_DEBUG_INFO = INCLUDE_SOURCE;
				MTL_FAST_MATH = YES;
				ONLY_ACTIVE_ARCH = YES;
				SDKROOT = iphoneos;
				SWIFT_ACTIVE_COMPILATION_CONDITIONS = DEBUG;
				SWIFT_OPTIMIZATION_LEVEL = "-Onone";
			};
			name = Debug;
		};
		2F80EC3B26A7FCF2000DCF79 /* Release */ = {
			isa = XCBuildConfiguration;
			buildSettings = {
				ALWAYS_SEARCH_USER_PATHS = NO;
				CLANG_ANALYZER_NONNULL = YES;
				CLANG_ANALYZER_NUMBER_OBJECT_CONVERSION = YES_AGGRESSIVE;
				CLANG_CXX_LANGUAGE_STANDARD = "gnu++14";
				CLANG_CXX_LIBRARY = "libc++";
				CLANG_ENABLE_MODULES = YES;
				CLANG_ENABLE_OBJC_ARC = YES;
				CLANG_ENABLE_OBJC_WEAK = YES;
				CLANG_WARN_BLOCK_CAPTURE_AUTORELEASING = YES;
				CLANG_WARN_BOOL_CONVERSION = YES;
				CLANG_WARN_COMMA = YES;
				CLANG_WARN_CONSTANT_CONVERSION = YES;
				CLANG_WARN_DEPRECATED_OBJC_IMPLEMENTATIONS = YES;
				CLANG_WARN_DIRECT_OBJC_ISA_USAGE = YES_ERROR;
				CLANG_WARN_DOCUMENTATION_COMMENTS = YES;
				CLANG_WARN_EMPTY_BODY = YES;
				CLANG_WARN_ENUM_CONVERSION = YES;
				CLANG_WARN_INFINITE_RECURSION = YES;
				CLANG_WARN_INT_CONVERSION = YES;
				CLANG_WARN_NON_LITERAL_NULL_CONVERSION = YES;
				CLANG_WARN_OBJC_IMPLICIT_RETAIN_SELF = YES;
				CLANG_WARN_OBJC_LITERAL_CONVERSION = YES;
				CLANG_WARN_OBJC_ROOT_CLASS = YES_ERROR;
				CLANG_WARN_QUOTED_INCLUDE_IN_FRAMEWORK_HEADER = YES;
				CLANG_WARN_RANGE_LOOP_ANALYSIS = YES;
				CLANG_WARN_STRICT_PROTOTYPES = YES;
				CLANG_WARN_SUSPICIOUS_MOVE = YES;
				CLANG_WARN_UNGUARDED_AVAILABILITY = YES_AGGRESSIVE;
				CLANG_WARN_UNREACHABLE_CODE = YES;
				CLANG_WARN__DUPLICATE_METHOD_MATCH = YES;
				COPY_PHASE_STRIP = NO;
				DEBUG_INFORMATION_FORMAT = "dwarf-with-dsym";
				ENABLE_NS_ASSERTIONS = NO;
				ENABLE_STRICT_OBJC_MSGSEND = YES;
				GCC_C_LANGUAGE_STANDARD = gnu11;
				GCC_NO_COMMON_BLOCKS = YES;
				GCC_WARN_64_TO_32_BIT_CONVERSION = YES;
				GCC_WARN_ABOUT_RETURN_TYPE = YES_ERROR;
				GCC_WARN_UNDECLARED_SELECTOR = YES;
				GCC_WARN_UNINITIALIZED_AUTOS = YES_AGGRESSIVE;
				GCC_WARN_UNUSED_FUNCTION = YES;
				GCC_WARN_UNUSED_VARIABLE = YES;
				IPHONEOS_DEPLOYMENT_TARGET = 14.5;
				MTL_ENABLE_DEBUG_INFO = NO;
				MTL_FAST_MATH = YES;
				SDKROOT = iphoneos;
				SWIFT_COMPILATION_MODE = wholemodule;
				SWIFT_OPTIMIZATION_LEVEL = "-O";
				VALIDATE_PRODUCT = YES;
			};
			name = Release;
		};
		2F80EC3D26A7FCF2000DCF79 /* Debug */ = {
			isa = XCBuildConfiguration;
			baseConfigurationReference = 4920C913B07C35BEBF30D451 /* Pods-Fallen Meteorites.debug.xcconfig */;
			buildSettings = {
				ASSETCATALOG_COMPILER_APPICON_NAME = AppIcon;
				ASSETCATALOG_COMPILER_GLOBAL_ACCENT_COLOR_NAME = AccentColor;
				CODE_SIGN_STYLE = Automatic;
				DEVELOPMENT_TEAM = QMBHBQYC3Y;
				INFOPLIST_FILE = "Fallen Meteorites/Info.plist";
				IPHONEOS_DEPLOYMENT_TARGET = 11.0;
				LD_RUNPATH_SEARCH_PATHS = (
					"$(inherited)",
					"@executable_path/Frameworks",
				);
				PRODUCT_BUNDLE_IDENTIFIER = "com.MRe.Fallen-Meteorites";
				PRODUCT_NAME = "$(TARGET_NAME)";
				SWIFT_VERSION = 5.0;
				TARGETED_DEVICE_FAMILY = 1;
			};
			name = Debug;
		};
		2F80EC3E26A7FCF2000DCF79 /* Release */ = {
			isa = XCBuildConfiguration;
			baseConfigurationReference = B0F1B9EB3B8E5DFFAB118F65 /* Pods-Fallen Meteorites.release.xcconfig */;
			buildSettings = {
				ASSETCATALOG_COMPILER_APPICON_NAME = AppIcon;
				ASSETCATALOG_COMPILER_GLOBAL_ACCENT_COLOR_NAME = AccentColor;
				CODE_SIGN_STYLE = Automatic;
				DEVELOPMENT_TEAM = QMBHBQYC3Y;
				INFOPLIST_FILE = "Fallen Meteorites/Info.plist";
				IPHONEOS_DEPLOYMENT_TARGET = 11.0;
				LD_RUNPATH_SEARCH_PATHS = (
					"$(inherited)",
					"@executable_path/Frameworks",
				);
				PRODUCT_BUNDLE_IDENTIFIER = "com.MRe.Fallen-Meteorites";
				PRODUCT_NAME = "$(TARGET_NAME)";
				SWIFT_VERSION = 5.0;
				TARGETED_DEVICE_FAMILY = 1;
			};
			name = Release;
		};
/* End XCBuildConfiguration section */

/* Begin XCConfigurationList section */
		2F80EC2026A7FCEF000DCF79 /* Build configuration list for PBXProject "Fallen Meteorites" */ = {
			isa = XCConfigurationList;
			buildConfigurations = (
				2F80EC3A26A7FCF2000DCF79 /* Debug */,
				2F80EC3B26A7FCF2000DCF79 /* Release */,
			);
			defaultConfigurationIsVisible = 0;
			defaultConfigurationName = Release;
		};
		2F80EC3C26A7FCF2000DCF79 /* Build configuration list for PBXNativeTarget "Fallen Meteorites" */ = {
			isa = XCConfigurationList;
			buildConfigurations = (
				2F80EC3D26A7FCF2000DCF79 /* Debug */,
				2F80EC3E26A7FCF2000DCF79 /* Release */,
			);
			defaultConfigurationIsVisible = 0;
			defaultConfigurationName = Release;
		};
/* End XCConfigurationList section */

/* Begin XCVersionGroup section */
		2F80EC3126A7FCEF000DCF79 /* Fallen_Meteorites.xcdatamodeld */ = {
			isa = XCVersionGroup;
			children = (
				2F80EC3226A7FCEF000DCF79 /* Fallen_Meteorites.xcdatamodel */,
			);
			currentVersion = 2F80EC3226A7FCEF000DCF79 /* Fallen_Meteorites.xcdatamodel */;
			path = Fallen_Meteorites.xcdatamodeld;
			sourceTree = "<group>";
			versionGroupType = wrapper.xcdatamodel;
		};
/* End XCVersionGroup section */
	};
	rootObject = 2F80EC1D26A7FCEF000DCF79 /* Project object */;
}
