// !$*UTF8*$!
{
	archiveVersion = 1;
	classes = {
	};
	objectVersion = 50;
	objects = {

/* Begin PBXBuildFile section */
		2F80EC2926A7FCEF000DCF79 /* AppDelegate.swift in Sources */ = {isa = PBXBuildFile; fileRef = 2F80EC2826A7FCEF000DCF79 /* AppDelegate.swift */; };
		2F80EC2D26A7FCEF000DCF79 /* ViewController.swift in Sources */ = {isa = PBXBuildFile; fileRef = 2F80EC2C26A7FCEF000DCF79 /* ViewController.swift */; };
		2F80EC3026A7FCEF000DCF79 /* Main.storyboard in Resources */ = {isa = PBXBuildFile; fileRef = 2F80EC2E26A7FCEF000DCF79 /* Main.storyboard */; };
		2F80EC3326A7FCEF000DCF79 /* Fallen_Meteorites.xcdatamodeld in Sources */ = {isa = PBXBuildFile; fileRef = 2F80EC3126A7FCEF000DCF79 /* Fallen_Meteorites.xcdatamodeld */; };
		2F80EC3526A7FCF2000DCF79 /* Assets.xcassets in Resources */ = {isa = PBXBuildFile; fileRef = 2F80EC3426A7FCF2000DCF79 /* Assets.xcassets */; };
		2F80EC3826A7FCF2000DCF79 /* LaunchScreen.storyboard in Resources */ = {isa = PBXBuildFile; fileRef = 2F80EC3626A7FCF2000DCF79 /* LaunchScreen.storyboard */; };
/* End PBXBuildFile section */

/* Begin PBXFileReference section */
		2F80EC2526A7FCEF000DCF79 /* Fallen Meteorites.app */ = {isa = PBXFileReference; explicitFileType = wrapper.application; includeInIndex = 0; path = "Fallen Meteorites.app"; sourceTree = BUILT_PRODUCTS_DIR; };
		2F80EC2826A7FCEF000DCF79 /* AppDelegate.swift */ = {isa = PBXFileReference; lastKnownFileType = sourcecode.swift; path = AppDelegate.swift; sourceTree = "<group>"; };
		2F80EC2C26A7FCEF000DCF79 /* ViewController.swift */ = {isa = PBXFileReference; lastKnownFileType = sourcecode.swift; path = ViewController.swift; sourceTree = "<group>"; };
		2F80EC2F26A7FCEF000DCF79 /* Base */ = {isa = PBXFileReference; lastKnownFileType = file.storyboard; name = Base; path = Base.lproj/Main.storyboard; sourceTree = "<group>"; };
		2F80EC3226A7FCEF000DCF79 /* Fallen_Meteorites.xcdatamodel */ = {isa = PBXFileReference; lastKnownFileType = wrapper.xcdatamodel; path = Fallen_Meteorites.xcdatamodel; sourceTree = "<group>"; };
		2F80EC3426A7FCF2000DCF79 /* Assets.xcassets */ = {isa = PBXFileReference; lastKnownFileType = folder.assetcatalog; path = Assets.xcassets; sourceTree = "<group>"; };
		2F80EC3726A7FCF2000DCF79 /* Base */ = {isa = PBXFileReference; lastKnownFileType = file.storyboard; name = Base; path = Base.lproj/LaunchScreen.storyboard; sourceTree = "<group>"; };
		2F80EC3926A7FCF2000DCF79 /* Info.plist */ = {isa = PBXFileReference; lastKnownFileType = text.plist.xml; path = Info.plist; sourceTree = "<group>"; };
/* End PBXFileReference section */

/* Begin PBXFrameworksBuildPhase section */
		2F80EC2226A7FCEF000DCF79 /* Frameworks */ = {
			isa = PBXFrameworksBuildPhase;
			buildActionMask = 2147483647;
			files = (
			);
			runOnlyForDeploymentPostprocessing = 0;
		};
/* End PBXFrameworksBuildPhase section */

/* Begin PBXGroup section */
		2F80EC1C26A7FCEF000DCF79 = {
			isa = PBXGroup;
			children = (
				2F80EC2726A7FCEF000DCF79 /* Fallen Meteorites */,
				2F80EC2626A7FCEF000DCF79 /* Products */,
			);
			sourceTree = "<group>";
		};
		2F80EC2626A7FCEF000DCF79 /* Products */ = {
			isa = PBXGroup;
			children = (
				2F80EC2526A7FCEF000DCF79 /* Fallen Meteorites.app */,
			);
			name = Products;
			sourceTree = "<group>";
		};
		2F80EC2726A7FCEF000DCF79 /* Fallen Meteorites */ = {
			isa = PBXGroup;
			children = (
				2F80EC2826A7FCEF000DCF79 /* AppDelegate.swift */,
				2F80EC2C26A7FCEF000DCF79 /* ViewController.swift */,
				2F80EC2E26A7FCEF000DCF79 /* Main.storyboard */,
				2F80EC3426A7FCF2000DCF79 /* Assets.xcassets */,
				2F80EC3626A7FCF2000DCF79 /* LaunchScreen.storyboard */,
				2F80EC3926A7FCF2000DCF79 /* Info.plist */,
				2F80EC3126A7FCEF000DCF79 /* Fallen_Meteorites.xcdatamodeld */,
			);
			path = "Fallen Meteorites";
			sourceTree = "<group>";
		};
/* End PBXGroup section */

/* Begin PBXNativeTarget section */
		2F80EC2426A7FCEF000DCF79 /* Fallen Meteorites */ = {
			isa = PBXNativeTarget;
			buildConfigurationList = 2F80EC3C26A7FCF2000DCF79 /* Build configuration list for PBXNativeTarget "Fallen Meteorites" */;
			buildPhases = (
				2F80EC2126A7FCEF000DCF79 /* Sources */,
				2F80EC2226A7FCEF000DCF79 /* Frameworks */,
				2F80EC2326A7FCEF000DCF79 /* Resources */,
			);
			buildRules = (
			);
			dependencies = (
			);
			name = "Fallen Meteorites";
			productName = "Fallen Meteorites";
			productReference = 2F80EC2526A7FCEF000DCF79 /* Fallen Meteorites.app */;
			productType = "com.apple.product-type.application";
		};
/* End PBXNativeTarget section */

/* Begin PBXProject section */
		2F80EC1D26A7FCEF000DCF79 /* Project object */ = {
			isa = PBXProject;
			attributes = {
				LastSwiftUpdateCheck = 1250;
				LastUpgradeCheck = 1250;
				TargetAttributes = {
					2F80EC2426A7FCEF000DCF79 = {
						CreatedOnToolsVersion = 12.5;
					};
				};
			};
			buildConfigurationList = 2F80EC2026A7FCEF000DCF79 /* Build configuration list for PBXProject "Fallen Meteorites" */;
			compatibilityVersion = "Xcode 9.3";
			developmentRegion = en;
			hasScannedForEncodings = 0;
			knownRegions = (
				en,
				Base,
			);
			mainGroup = 2F80EC1C26A7FCEF000DCF79;
			productRefGroup = 2F80EC2626A7FCEF000DCF79 /* Products */;
			projectDirPath = "";
			projectRoot = "";
			targets = (
				2F80EC2426A7FCEF000DCF79 /* Fallen Meteorites */,
			);
		};
/* End PBXProject section */

/* Begin PBXResourcesBuildPhase section */
		2F80EC2326A7FCEF000DCF79 /* Resources */ = {
			isa = PBXResourcesBuildPhase;
			buildActionMask = 2147483647;
			files = (
				2F80EC3826A7FCF2000DCF79 /* LaunchScreen.storyboard in Resources */,
				2F80EC3526A7FCF2000DCF79 /* Assets.xcassets in Resources */,
				2F80EC3026A7FCEF000DCF79 /* Main.storyboard in Resources */,
			);
			runOnlyForDeploymentPostprocessing = 0;
		};
/* End PBXResourcesBuildPhase section */

/* Begin PBXSourcesBuildPhase section */
		2F80EC2126A7FCEF000DCF79 /* Sources */ = {
			isa = PBXSourcesBuildPhase;
			buildActionMask = 2147483647;
			files = (
				2F80EC3326A7FCEF000DCF79 /* Fallen_Meteorites.xcdatamodeld in Sources */,
				2F80EC2D26A7FCEF000DCF79 /* ViewController.swift in Sources */,
				2F80EC2926A7FCEF000DCF79 /* AppDelegate.swift in Sources */,
			);
			runOnlyForDeploymentPostprocessing = 0;
		};
/* End PBXSourcesBuildPhase section */

/* Begin PBXVariantGroup section */
		2F80EC2E26A7FCEF000DCF79 /* Main.storyboard */ = {
			isa = PBXVariantGroup;
			children = (
				2F80EC2F26A7FCEF000DCF79 /* Base */,
			);
			name = Main.storyboard;
			sourceTree = "<group>";
		};
		2F80EC3626A7FCF2000DCF79 /* LaunchScreen.storyboard */ = {
			isa = PBXVariantGroup;
			children = (
				2F80EC3726A7FCF2000DCF79 /* Base */,
			);
			name = LaunchScreen.storyboard;
			sourceTree = "<group>";
		};
/* End PBXVariantGroup section */

/* Begin XCBuildConfiguration section */
		2F80EC3A26A7FCF2000DCF79 /* Debug */ = {
			isa = XCBuildConfiguration;
			buildSettings = {
				ALWAYS_SEARCH_USER_PATHS = NO;
				CLANG_ANALYZER_NONNULL = YES;
				CLANG_ANALYZER_NUMBER_OBJECT_CONVERSION = YES_AGGRESSIVE;
				CLANG_CXX_LANGUAGE_STANDARD = "gnu++14";
				CLANG_CXX_LIBRARY = "libc++";
				CLANG_ENABLE_MODULES = YES;
				CLANG_ENABLE_OBJC_ARC = YES;
				CLANG_ENABLE_OBJC_WEAK = YES;
				CLANG_WARN_BLOCK_CAPTURE_AUTORELEASING = YES;
				CLANG_WARN_BOOL_CONVERSION = YES;
				CLANG_WARN_COMMA = YES;
				CLANG_WARN_CONSTANT_CONVERSION = YES;
				CLANG_WARN_DEPRECATED_OBJC_IMPLEMENTATIONS = YES;
				CLANG_WARN_DIRECT_OBJC_ISA_USAGE = YES_ERROR;
				CLANG_WARN_DOCUMENTATION_COMMENTS = YES;
				CLANG_WARN_EMPTY_BODY = YES;
				CLANG_WARN_ENUM_CONVERSION = YES;
				CLANG_WARN_INFINITE_RECURSION = YES;
				CLANG_WARN_INT_CONVERSION = YES;
				CLANG_WARN_NON_LITERAL_NULL_CONVERSION = YES;
				CLANG_WARN_OBJC_IMPLICIT_RETAIN_SELF = YES;
				CLANG_WARN_OBJC_LITERAL_CONVERSION = YES;
				CLANG_WARN_OBJC_ROOT_CLASS = YES_ERROR;
				CLANG_WARN_QUOTED_INCLUDE_IN_FRAMEWORK_HEADER = YES;
				CLANG_WARN_RANGE_LOOP_ANALYSIS = YES;
				CLANG_WARN_STRICT_PROTOTYPES = YES;
				CLANG_WARN_SUSPICIOUS_MOVE = YES;
				CLANG_WARN_UNGUARDED_AVAILABILITY = YES_AGGRESSIVE;
				CLANG_WARN_UNREACHABLE_CODE = YES;
				CLANG_WARN__DUPLICATE_METHOD_MATCH = YES;
				COPY_PHASE_STRIP = NO;
				DEBUG_INFORMATION_FORMAT = dwarf;
				ENABLE_STRICT_OBJC_MSGSEND = YES;
				ENABLE_TESTABILITY = YES;
				GCC_C_LANGUAGE_STANDARD = gnu11;
				GCC_DYNAMIC_NO_PIC = NO;
				GCC_NO_COMMON_BLOCKS = YES;
				GCC_OPTIMIZATION_LEVEL = 0;
				GCC_PREPROCESSOR_DEFINITIONS = (
					"DEBUG=1",
					"$(inherited)",
				);
				GCC_WARN_64_TO_32_BIT_CONVERSION = YES;
				GCC_WARN_ABOUT_RETURN_TYPE = YES_ERROR;
				GCC_WARN_UNDECLARED_SELECTOR = YES;
				GCC_WARN_UNINITIALIZED_AUTOS = YES_AGGRESSIVE;
				GCC_WARN_UNUSED_FUNCTION = YES;
				GCC_WARN_UNUSED_VARIABLE = YES;
				IPHONEOS_DEPLOYMENT_TARGET = 14.5;
				MTL_ENABLE_DEBUG_INFO = INCLUDE_SOURCE;
				MTL_FAST_MATH = YES;
				ONLY_ACTIVE_ARCH = YES;
				SDKROOT = iphoneos;
				SWIFT_ACTIVE_COMPILATION_CONDITIONS = DEBUG;
				SWIFT_OPTIMIZATION_LEVEL = "-Onone";
			};
			name = Debug;
		};
		2F80EC3B26A7FCF2000DCF79 /* Release */ = {
			isa = XCBuildConfiguration;
			buildSettings = {
				ALWAYS_SEARCH_USER_PATHS = NO;
				CLANG_ANALYZER_NONNULL = YES;
				CLANG_ANALYZER_NUMBER_OBJECT_CONVERSION = YES_AGGRESSIVE;
				CLANG_CXX_LANGUAGE_STANDARD = "gnu++14";
				CLANG_CXX_LIBRARY = "libc++";
				CLANG_ENABLE_MODULES = YES;
				CLANG_ENABLE_OBJC_ARC = YES;
				CLANG_ENABLE_OBJC_WEAK = YES;
				CLANG_WARN_BLOCK_CAPTURE_AUTORELEASING = YES;
				CLANG_WARN_BOOL_CONVERSION = YES;
				CLANG_WARN_COMMA = YES;
				CLANG_WARN_CONSTANT_CONVERSION = YES;
				CLANG_WARN_DEPRECATED_OBJC_IMPLEMENTATIONS = YES;
				CLANG_WARN_DIRECT_OBJC_ISA_USAGE = YES_ERROR;
				CLANG_WARN_DOCUMENTATION_COMMENTS = YES;
				CLANG_WARN_EMPTY_BODY = YES;
				CLANG_WARN_ENUM_CONVERSION = YES;
				CLANG_WARN_INFINITE_RECURSION = YES;
				CLANG_WARN_INT_CONVERSION = YES;
				CLANG_WARN_NON_LITERAL_NULL_CONVERSION = YES;
				CLANG_WARN_OBJC_IMPLICIT_RETAIN_SELF = YES;
				CLANG_WARN_OBJC_LITERAL_CONVERSION = YES;
				CLANG_WARN_OBJC_ROOT_CLASS = YES_ERROR;
				CLANG_WARN_QUOTED_INCLUDE_IN_FRAMEWORK_HEADER = YES;
				CLANG_WARN_RANGE_LOOP_ANALYSIS = YES;
				CLANG_WARN_STRICT_PROTOTYPES = YES;
				CLANG_WARN_SUSPICIOUS_MOVE = YES;
				CLANG_WARN_UNGUARDED_AVAILABILITY = YES_AGGRESSIVE;
				CLANG_WARN_UNREACHABLE_CODE = YES;
				CLANG_WARN__DUPLICATE_METHOD_MATCH = YES;
				COPY_PHASE_STRIP = NO;
				DEBUG_INFORMATION_FORMAT = "dwarf-with-dsym";
				ENABLE_NS_ASSERTIONS = NO;
				ENABLE_STRICT_OBJC_MSGSEND = YES;
				GCC_C_LANGUAGE_STANDARD = gnu11;
				GCC_NO_COMMON_BLOCKS = YES;
				GCC_WARN_64_TO_32_BIT_CONVERSION = YES;
				GCC_WARN_ABOUT_RETURN_TYPE = YES_ERROR;
				GCC_WARN_UNDECLARED_SELECTOR = YES;
				GCC_WARN_UNINITIALIZED_AUTOS = YES_AGGRESSIVE;
				GCC_WARN_UNUSED_FUNCTION = YES;
				GCC_WARN_UNUSED_VARIABLE = YES;
				IPHONEOS_DEPLOYMENT_TARGET = 14.5;
				MTL_ENABLE_DEBUG_INFO = NO;
				MTL_FAST_MATH = YES;
				SDKROOT = iphoneos;
				SWIFT_COMPILATION_MODE = wholemodule;
				SWIFT_OPTIMIZATION_LEVEL = "-O";
				VALIDATE_PRODUCT = YES;
			};
			name = Release;
		};
		2F80EC3D26A7FCF2000DCF79 /* Debug */ = {
			isa = XCBuildConfiguration;
			buildSettings = {
				ASSETCATALOG_COMPILER_APPICON_NAME = AppIcon;
				ASSETCATALOG_COMPILER_GLOBAL_ACCENT_COLOR_NAME = AccentColor;
				CODE_SIGN_STYLE = Automatic;
				DEVELOPMENT_TEAM = QMBHBQYC3Y;
				INFOPLIST_FILE = "Fallen Meteorites/Info.plist";
				IPHONEOS_DEPLOYMENT_TARGET = 11.0;
				LD_RUNPATH_SEARCH_PATHS = (
					"$(inherited)",
					"@executable_path/Frameworks",
				);
				PRODUCT_BUNDLE_IDENTIFIER = "com.MRe.Fallen-Meteorites";
				PRODUCT_NAME = "$(TARGET_NAME)";
				SWIFT_VERSION = 5.0;
				TARGETED_DEVICE_FAMILY = 1;
			};
			name = Debug;
		};
		2F80EC3E26A7FCF2000DCF79 /* Release */ = {
			isa = XCBuildConfiguration;
			buildSettings = {
				ASSETCATALOG_COMPILER_APPICON_NAME = AppIcon;
				ASSETCATALOG_COMPILER_GLOBAL_ACCENT_COLOR_NAME = AccentColor;
				CODE_SIGN_STYLE = Automatic;
				DEVELOPMENT_TEAM = QMBHBQYC3Y;
				INFOPLIST_FILE = "Fallen Meteorites/Info.plist";
				IPHONEOS_DEPLOYMENT_TARGET = 11.0;
				LD_RUNPATH_SEARCH_PATHS = (
					"$(inherited)",
					"@executable_path/Frameworks",
				);
				PRODUCT_BUNDLE_IDENTIFIER = "com.MRe.Fallen-Meteorites";
				PRODUCT_NAME = "$(TARGET_NAME)";
				SWIFT_VERSION = 5.0;
				TARGETED_DEVICE_FAMILY = 1;
			};
			name = Release;
		};
/* End XCBuildConfiguration section */

/* Begin XCConfigurationList section */
		2F80EC2026A7FCEF000DCF79 /* Build configuration list for PBXProject "Fallen Meteorites" */ = {
			isa = XCConfigurationList;
			buildConfigurations = (
				2F80EC3A26A7FCF2000DCF79 /* Debug */,
				2F80EC3B26A7FCF2000DCF79 /* Release */,
			);
			defaultConfigurationIsVisible = 0;
			defaultConfigurationName = Release;
		};
		2F80EC3C26A7FCF2000DCF79 /* Build configuration list for PBXNativeTarget "Fallen Meteorites" */ = {
			isa = XCConfigurationList;
			buildConfigurations = (
				2F80EC3D26A7FCF2000DCF79 /* Debug */,
				2F80EC3E26A7FCF2000DCF79 /* Release */,
			);
			defaultConfigurationIsVisible = 0;
			defaultConfigurationName = Release;
		};
/* End XCConfigurationList section */

/* Begin XCVersionGroup section */
		2F80EC3126A7FCEF000DCF79 /* Fallen_Meteorites.xcdatamodeld */ = {
			isa = XCVersionGroup;
			children = (
				2F80EC3226A7FCEF000DCF79 /* Fallen_Meteorites.xcdatamodel */,
			);
			currentVersion = 2F80EC3226A7FCEF000DCF79 /* Fallen_Meteorites.xcdatamodel */;
			path = Fallen_Meteorites.xcdatamodeld;
			sourceTree = "<group>";
			versionGroupType = wrapper.xcdatamodel;
		};
/* End XCVersionGroup section */
	};
	rootObject = 2F80EC1D26A7FCEF000DCF79 /* Project object */;
}
